
Microsoft Visual Studio Solution File, Format Version 12.00
# Visual Studio 2013
VisualStudioVersion = 12.0.21005.1
MinimumVisualStudioVersion = 10.0.40219.1
Project("{E24C65DC-7377-472B-9ABA-BC803B73C61A}") = "DementiaGameWebsite(1)", "http://localhost:56878", "{DACB071C-1A5B-4A44-A7ED-890DB2441FFB}"
	ProjectSection(WebsiteProperties) = preProject
		UseIISExpress = "true"
		TargetFrameworkMoniker = ".NETFramework,Version%3Dv4.5"
		Debug.AspNetCompiler.VirtualPath = "/localhost_56878"
		Debug.AspNetCompiler.PhysicalPath = "..\DementiaGameWebsite\"
		Debug.AspNetCompiler.TargetPath = "PrecompiledWeb\localhost_56878\"
		Debug.AspNetCompiler.Updateable = "true"
		Debug.AspNetCompiler.ForceOverwrite = "true"
		Debug.AspNetCompiler.FixedNames = "false"
		Debug.AspNetCompiler.Debug = "True"
		Release.AspNetCompiler.VirtualPath = "/localhost_56878"
		Release.AspNetCompiler.PhysicalPath = "..\DementiaGameWebsite\"
		Release.AspNetCompiler.TargetPath = "PrecompiledWeb\localhost_56878\"
		Release.AspNetCompiler.Updateable = "true"
		Release.AspNetCompiler.ForceOverwrite = "true"
		Release.AspNetCompiler.FixedNames = "false"
		Release.AspNetCompiler.Debug = "False"
		SlnRelativePath = "..\DementiaGameWebsite\"
	EndProjectSection
EndProject
Global
	GlobalSection(SolutionConfigurationPlatforms) = preSolution
		Debug|Any CPU = Debug|Any CPU
	EndGlobalSection
	GlobalSection(ProjectConfigurationPlatforms) = postSolution
		{DACB071C-1A5B-4A44-A7ED-890DB2441FFB}.Debug|Any CPU.ActiveCfg = Debug|Any CPU
		{DACB071C-1A5B-4A44-A7ED-890DB2441FFB}.Debug|Any CPU.Build.0 = Debug|Any CPU
	EndGlobalSection
	GlobalSection(SolutionProperties) = preSolution
		HideSolutionNode = FALSE
	EndGlobalSection
EndGlobal
